
Microsoft Visual Studio Solution File, Format Version 12.00
# Visual Studio Version 17
VisualStudioVersion = 17.14.36301.6 d17.14
MinimumVisualStudioVersion = 10.0.40219.1
Project("{FAE04EC0-301F-11D3-BF4B-00C04F79EFBC}") = "LINQ", "LINQ\LINQ.csproj", "{68DFFC1F-8C83-48E4-B86D-5EA813A3499A}"
EndProject
Global
	GlobalSection(SolutionConfigurationPlatforms) = preSolution
		Debug|Any CPU = Debug|Any CPU
		Release|Any CPU = Release|Any CPU
	EndGlobalSection
	GlobalSection(ProjectConfigurationPlatforms) = postSolution
		{68DFFC1F-8C83-48E4-B86D-5EA813A3499A}.Debug|Any CPU.ActiveCfg = Debug|Any CPU
		{68DFFC1F-8C83-48E4-B86D-5EA813A3499A}.Debug|Any CPU.Build.0 = Debug|Any CPU
		{68DFFC1F-8C83-48E4-B86D-5EA813A3499A}.Release|Any CPU.ActiveCfg = Release|Any CPU
		{68DFFC1F-8C83-48E4-B86D-5EA813A3499A}.Release|Any CPU.Build.0 = Release|Any CPU
	EndGlobalSection
	GlobalSection(SolutionProperties) = preSolution
		HideSolutionNode = FALSE
	EndGlobalSection
	GlobalSection(ExtensibilityGlobals) = postSolution
		SolutionGuid = {F1C0AFCE-EC9D-4BF1-AC81-30E270E44B43}
	EndGlobalSection
EndGlobal
